
Microsoft Visual Studio Solution File, Format Version 12.00
# Visual Studio Version 16
VisualStudioVersion = 16.0.30611.23
MinimumVisualStudioVersion = 10.0.40219.1
Project("{FAE04EC0-301F-11D3-BF4B-00C04F79EFBC}") = "Server", "Server\Server.csproj", "{006DC1E6-C73C-40D9-B46E-A05D5503DB2E}"
EndProject
Global
	GlobalSection(SolutionConfigurationPlatforms) = preSolution
		Debug|Any CPU = Debug|Any CPU
		Release|Any CPU = Release|Any CPU
	EndGlobalSection
	GlobalSection(ProjectConfigurationPlatforms) = postSolution
		{006DC1E6-C73C-40D9-B46E-A05D5503DB2E}.Debug|Any CPU.ActiveCfg = Debug|Any CPU
		{006DC1E6-C73C-40D9-B46E-A05D5503DB2E}.Debug|Any CPU.Build.0 = Debug|Any CPU
		{006DC1E6-C73C-40D9-B46E-A05D5503DB2E}.Release|Any CPU.ActiveCfg = Release|Any CPU
		{006DC1E6-C73C-40D9-B46E-A05D5503DB2E}.Release|Any CPU.Build.0 = Release|Any CPU
	EndGlobalSection
	GlobalSection(SolutionProperties) = preSolution
		HideSolutionNode = FALSE
	EndGlobalSection
	GlobalSection(ExtensibilityGlobals) = postSolution
		SolutionGuid = {08634B2D-2EF4-4FF2-8AA4-138A942E81A8}
	EndGlobalSection
EndGlobal
